
Microsoft Visual Studio Solution File, Format Version 9.00
# Visual Studio 2005
Project("{8BC9CEB8-8B4A-11D0-8D11-00A0C91BC942}") = "drawstuff", "..\..\..\..\ode\ode-0.10.1\build\vs2005\drawstuff.vcproj", "{847AD453-4536-4848-8B40-679E4BF9C595}"
EndProject
Project("{8BC9CEB8-8B4A-11D0-8D11-00A0C91BC942}") = "ode", "..\..\..\..\ode\ode-0.10.1\build\vs2005\ode.vcproj", "{F565AB29-0999-274B-8713-A48CCB7BFBFC}"
EndProject
Project("{8BC9CEB8-8B4A-11D0-8D11-00A0C91BC942}") = "Ragdoll", "Ragdoll.vcproj", "{D0C678F8-6C3E-594F-98BB-D5BF234199D4}"
	ProjectSection(ProjectDependencies) = postProject
		{F565AB29-0999-274B-8713-A48CCB7BFBFC} = {F565AB29-0999-274B-8713-A48CCB7BFBFC}
		{847AD453-4536-4848-8B40-679E4BF9C595} = {847AD453-4536-4848-8B40-679E4BF9C595}
	EndProjectSection
EndProject
Global
	GlobalSection(SolutionConfigurationPlatforms) = preSolution
		Debug|Win32 = Debug|Win32
		DebugDoubleDLL|Win32 = DebugDoubleDLL|Win32
		DebugDoubleLib|Win32 = DebugDoubleLib|Win32
		DebugSingleDLL|Win32 = DebugSingleDLL|Win32
		DebugSingleLib|Win32 = DebugSingleLib|Win32
		Release|Win32 = Release|Win32
		ReleaseDoubleDLL|Win32 = ReleaseDoubleDLL|Win32
		ReleaseDoubleLib|Win32 = ReleaseDoubleLib|Win32
		ReleaseSingleDLL|Win32 = ReleaseSingleDLL|Win32
		ReleaseSingleLib|Win32 = ReleaseSingleLib|Win32
	EndGlobalSection
	GlobalSection(ProjectConfigurationPlatforms) = postSolution
		{847AD453-4536-4848-8B40-679E4BF9C595}.Debug|Win32.ActiveCfg = DebugDoubleLib|Win32
		{847AD453-4536-4848-8B40-679E4BF9C595}.Debug|Win32.Build.0 = DebugDoubleLib|Win32
		{847AD453-4536-4848-8B40-679E4BF9C595}.DebugDoubleDLL|Win32.ActiveCfg = DebugDoubleDLL|Win32
		{847AD453-4536-4848-8B40-679E4BF9C595}.DebugDoubleDLL|Win32.Build.0 = DebugDoubleDLL|Win32
		{847AD453-4536-4848-8B40-679E4BF9C595}.DebugDoubleLib|Win32.ActiveCfg = DebugDoubleLib|Win32
		{847AD453-4536-4848-8B40-679E4BF9C595}.DebugDoubleLib|Win32.Build.0 = DebugDoubleLib|Win32
		{847AD453-4536-4848-8B40-679E4BF9C595}.DebugSingleDLL|Win32.ActiveCfg = DebugSingleDLL|Win32
		{847AD453-4536-4848-8B40-679E4BF9C595}.DebugSingleDLL|Win32.Build.0 = DebugSingleDLL|Win32
		{847AD453-4536-4848-8B40-679E4BF9C595}.DebugSingleLib|Win32.ActiveCfg = DebugSingleLib|Win32
		{847AD453-4536-4848-8B40-679E4BF9C595}.DebugSingleLib|Win32.Build.0 = DebugSingleLib|Win32
		{847AD453-4536-4848-8B40-679E4BF9C595}.Release|Win32.ActiveCfg = ReleaseDoubleLib|Win32
		{847AD453-4536-4848-8B40-679E4BF9C595}.Release|Win32.Build.0 = ReleaseDoubleLib|Win32
		{847AD453-4536-4848-8B40-679E4BF9C595}.ReleaseDoubleDLL|Win32.ActiveCfg = ReleaseDoubleDLL|Win32
		{847AD453-4536-4848-8B40-679E4BF9C595}.ReleaseDoubleDLL|Win32.Build.0 = ReleaseDoubleDLL|Win32
		{847AD453-4536-4848-8B40-679E4BF9C595}.ReleaseDoubleLib|Win32.ActiveCfg = ReleaseDoubleLib|Win32
		{847AD453-4536-4848-8B40-679E4BF9C595}.ReleaseDoubleLib|Win32.Build.0 = ReleaseDoubleLib|Win32
		{847AD453-4536-4848-8B40-679E4BF9C595}.ReleaseSingleDLL|Win32.ActiveCfg = ReleaseSingleDLL|Win32
		{847AD453-4536-4848-8B40-679E4BF9C595}.ReleaseSingleDLL|Win32.Build.0 = ReleaseSingleDLL|Win32
		{847AD453-4536-4848-8B40-679E4BF9C595}.ReleaseSingleLib|Win32.ActiveCfg = ReleaseSingleLib|Win32
		{847AD453-4536-4848-8B40-679E4BF9C595}.ReleaseSingleLib|Win32.Build.0 = ReleaseSingleLib|Win32
		{F565AB29-0999-274B-8713-A48CCB7BFBFC}.Debug|Win32.ActiveCfg = DebugDoubleLib|Win32
		{F565AB29-0999-274B-8713-A48CCB7BFBFC}.Debug|Win32.Build.0 = DebugDoubleLib|Win32
		{F565AB29-0999-274B-8713-A48CCB7BFBFC}.DebugDoubleDLL|Win32.ActiveCfg = DebugDoubleDLL|Win32
		{F565AB29-0999-274B-8713-A48CCB7BFBFC}.DebugDoubleDLL|Win32.Build.0 = DebugDoubleDLL|Win32
		{F565AB29-0999-274B-8713-A48CCB7BFBFC}.DebugDoubleLib|Win32.ActiveCfg = DebugDoubleLib|Win32
		{F565AB29-0999-274B-8713-A48CCB7BFBFC}.DebugDoubleLib|Win32.Build.0 = DebugDoubleLib|Win32
		{F565AB29-0999-274B-8713-A48CCB7BFBFC}.DebugSingleDLL|Win32.ActiveCfg = DebugSingleDLL|Win32
		{F565AB29-0999-274B-8713-A48CCB7BFBFC}.DebugSingleDLL|Win32.Build.0 = DebugSingleDLL|Win32
		{F565AB29-0999-274B-8713-A48CCB7BFBFC}.DebugSingleLib|Win32.ActiveCfg = DebugSingleLib|Win32
		{F565AB29-0999-274B-8713-A48CCB7BFBFC}.DebugSingleLib|Win32.Build.0 = DebugSingleLib|Win32
		{F565AB29-0999-274B-8713-A48CCB7BFBFC}.Release|Win32.ActiveCfg = ReleaseDoubleLib|Win32
		{F565AB29-0999-274B-8713-A48CCB7BFBFC}.Release|Win32.Build.0 = ReleaseDoubleLib|Win32
		{F565AB29-0999-274B-8713-A48CCB7BFBFC}.ReleaseDoubleDLL|Win32.ActiveCfg = ReleaseDoubleDLL|Win32
		{F565AB29-0999-274B-8713-A48CCB7BFBFC}.ReleaseDoubleDLL|Win32.Build.0 = ReleaseDoubleDLL|Win32
		{F565AB29-0999-274B-8713-A48CCB7BFBFC}.ReleaseDoubleLib|Win32.ActiveCfg = ReleaseDoubleLib|Win32
		{F565AB29-0999-274B-8713-A48CCB7BFBFC}.ReleaseDoubleLib|Win32.Build.0 = ReleaseDoubleLib|Win32
		{F565AB29-0999-274B-8713-A48CCB7BFBFC}.ReleaseSingleDLL|Win32.ActiveCfg = ReleaseSingleDLL|Win32
		{F565AB29-0999-274B-8713-A48CCB7BFBFC}.ReleaseSingleDLL|Win32.Build.0 = ReleaseSingleDLL|Win32
		{F565AB29-0999-274B-8713-A48CCB7BFBFC}.ReleaseSingleLib|Win32.ActiveCfg = ReleaseSingleLib|Win32
		{F565AB29-0999-274B-8713-A48CCB7BFBFC}.ReleaseSingleLib|Win32.Build.0 = ReleaseSingleLib|Win32
		{D0C678F8-6C3E-594F-98BB-D5BF234199D4}.Debug|Win32.ActiveCfg = DebugDoubleLib|Win32
		{D0C678F8-6C3E-594F-98BB-D5BF234199D4}.Debug|Win32.Build.0 = DebugDoubleLib|Win32
		{D0C678F8-6C3E-594F-98BB-D5BF234199D4}.DebugDoubleDLL|Win32.ActiveCfg = DebugDoubleDLL|Win32
		{D0C678F8-6C3E-594F-98BB-D5BF234199D4}.DebugDoubleDLL|Win32.Build.0 = DebugDoubleDLL|Win32
		{D0C678F8-6C3E-594F-98BB-D5BF234199D4}.DebugDoubleLib|Win32.ActiveCfg = DebugDoubleLib|Win32
		{D0C678F8-6C3E-594F-98BB-D5BF234199D4}.DebugDoubleLib|Win32.Build.0 = DebugDoubleLib|Win32
		{D0C678F8-6C3E-594F-98BB-D5BF234199D4}.DebugSingleDLL|Win32.ActiveCfg = DebugSingleDLL|Win32
		{D0C678F8-6C3E-594F-98BB-D5BF234199D4}.DebugSingleDLL|Win32.Build.0 = DebugSingleDLL|Win32
		{D0C678F8-6C3E-594F-98BB-D5BF234199D4}.DebugSingleLib|Win32.ActiveCfg = DebugSingleLib|Win32
		{D0C678F8-6C3E-594F-98BB-D5BF234199D4}.DebugSingleLib|Win32.Build.0 = DebugSingleLib|Win32
		{D0C678F8-6C3E-594F-98BB-D5BF234199D4}.Release|Win32.ActiveCfg = ReleaseDoubleLib|Win32
		{D0C678F8-6C3E-594F-98BB-D5BF234199D4}.Release|Win32.Build.0 = ReleaseDoubleLib|Win32
		{D0C678F8-6C3E-594F-98BB-D5BF234199D4}.ReleaseDoubleDLL|Win32.ActiveCfg = ReleaseDoubleDLL|Win32
		{D0C678F8-6C3E-594F-98BB-D5BF234199D4}.ReleaseDoubleDLL|Win32.Build.0 = ReleaseDoubleDLL|Win32
		{D0C678F8-6C3E-594F-98BB-D5BF234199D4}.ReleaseDoubleLib|Win32.ActiveCfg = ReleaseDoubleLib|Win32
		{D0C678F8-6C3E-594F-98BB-D5BF234199D4}.ReleaseDoubleLib|Win32.Build.0 = ReleaseDoubleLib|Win32
		{D0C678F8-6C3E-594F-98BB-D5BF234199D4}.ReleaseSingleDLL|Win32.ActiveCfg = ReleaseSingleDLL|Win32
		{D0C678F8-6C3E-594F-98BB-D5BF234199D4}.ReleaseSingleDLL|Win32.Build.0 = ReleaseSingleDLL|Win32
		{D0C678F8-6C3E-594F-98BB-D5BF234199D4}.ReleaseSingleLib|Win32.ActiveCfg = ReleaseSingleLib|Win32
		{D0C678F8-6C3E-594F-98BB-D5BF234199D4}.ReleaseSingleLib|Win32.Build.0 = ReleaseSingleLib|Win32
	EndGlobalSection
	GlobalSection(SolutionProperties) = preSolution
		HideSolutionNode = FALSE
	EndGlobalSection
EndGlobal
