
Microsoft Visual Studio Solution File, Format Version 9.00
# Visual Studio 2005
Project("{8BC9CEB8-8B4A-11D0-8D11-00A0C91BC942}") = "osg_shaders_arrays", "osg_shaders_arrays.vcproj", "{48493F4F-55C0-4C89-B5B1-82D901CFF316}"
EndProject
Global
	GlobalSection(SolutionConfigurationPlatforms) = preSolution
		Debug|Win32 = Debug|Win32
		Release|Win32 = Release|Win32
	EndGlobalSection
	GlobalSection(ProjectConfigurationPlatforms) = postSolution
		{48493F4F-55C0-4C89-B5B1-82D901CFF316}.Debug|Win32.ActiveCfg = Debug|Win32
		{48493F4F-55C0-4C89-B5B1-82D901CFF316}.Debug|Win32.Build.0 = Debug|Win32
		{48493F4F-55C0-4C89-B5B1-82D901CFF316}.Release|Win32.ActiveCfg = Release|Win32
		{48493F4F-55C0-4C89-B5B1-82D901CFF316}.Release|Win32.Build.0 = Release|Win32
	EndGlobalSection
	GlobalSection(SolutionProperties) = preSolution
		HideSolutionNode = FALSE
	EndGlobalSection
EndGlobal
