
Microsoft Visual Studio Solution File, Format Version 9.00
# Visual Studio 2005
Project("{8BC9CEB8-8B4A-11D0-8D11-00A0C91BC942}") = "Lib: OgeBase", "Oge\Modules\OgeBase\OgeBase.vcproj", "{950450AE-616E-453E-BB50-78CDBE50BF84}"
	ProjectSection(WebsiteProperties) = preProject
		Debug.AspNetCompiler.Debug = "True"
		Release.AspNetCompiler.Debug = "False"
	EndProjectSection
EndProject
Project("{8BC9CEB8-8B4A-11D0-8D11-00A0C91BC942}") = "Lib: OgeOsg", "Oge\Modules\OgeOsg\OgeOsg.vcproj", "{0DC12601-084C-45FF-8064-5A8754D2DA1B}"
	ProjectSection(WebsiteProperties) = preProject
		Debug.AspNetCompiler.Debug = "True"
		Release.AspNetCompiler.Debug = "False"
	EndProjectSection
	ProjectSection(ProjectDependencies) = postProject
		{950450AE-616E-453E-BB50-78CDBE50BF84} = {950450AE-616E-453E-BB50-78CDBE50BF84}
	EndProjectSection
EndProject
Project("{8BC9CEB8-8B4A-11D0-8D11-00A0C91BC942}") = "Lib: OgePrithvi", "Oge\Modules\OgePrithvi\OgePrithvi.vcproj", "{94317236-BEBD-4A80-A008-F9D5D1D5A842}"
	ProjectSection(WebsiteProperties) = preProject
		Debug.AspNetCompiler.Debug = "True"
		Release.AspNetCompiler.Debug = "False"
	EndProjectSection
	ProjectSection(ProjectDependencies) = postProject
		{950450AE-616E-453E-BB50-78CDBE50BF84} = {950450AE-616E-453E-BB50-78CDBE50BF84}
	EndProjectSection
EndProject
Project("{8BC9CEB8-8B4A-11D0-8D11-00A0C91BC942}") = "Lib: Msg", "Mirage\MSG.vcproj", "{44940738-98ED-45C6-8943-389ACB8E18C4}"
	ProjectSection(WebsiteProperties) = preProject
		Debug.AspNetCompiler.Debug = "True"
		Release.AspNetCompiler.Debug = "False"
	EndProjectSection
EndProject
Project("{8BC9CEB8-8B4A-11D0-8D11-00A0C91BC942}") = "Mirage_Test3", "Mirage\Tests\Test3\Test3.vcproj", "{12485EC0-7E09-4197-B42F-5ED4DE17EE12}"
	ProjectSection(WebsiteProperties) = preProject
		Debug.AspNetCompiler.Debug = "True"
		Release.AspNetCompiler.Debug = "False"
	EndProjectSection
EndProject
Project("{8BC9CEB8-8B4A-11D0-8D11-00A0C91BC942}") = "StereoViewer", "Mirage\Projects\StereoViewer\StereoViewer.vcproj", "{03987122-B45A-4A5E-9112-029734CF581E}"
	ProjectSection(WebsiteProperties) = preProject
		Debug.AspNetCompiler.Debug = "True"
		Release.AspNetCompiler.Debug = "False"
	EndProjectSection
EndProject
Project("{8BC9CEB8-8B4A-11D0-8D11-00A0C91BC942}") = "StencilShadowVolume", "Mirage\Tests\StencilShadowVolume\StencilShadowVolume.vcproj", "{6E41F13B-B2D1-4FF0-9718-BF0568D6933C}"
	ProjectSection(WebsiteProperties) = preProject
		Debug.AspNetCompiler.Debug = "True"
		Release.AspNetCompiler.Debug = "False"
	EndProjectSection
	ProjectSection(ProjectDependencies) = postProject
		{44940738-98ED-45C6-8943-389ACB8E18C4} = {44940738-98ED-45C6-8943-389ACB8E18C4}
	EndProjectSection
EndProject
Global
	GlobalSection(SolutionConfigurationPlatforms) = preSolution
		Debug|Win32 = Debug|Win32
		Release|Win32 = Release|Win32
	EndGlobalSection
	GlobalSection(ProjectConfigurationPlatforms) = postSolution
		{950450AE-616E-453E-BB50-78CDBE50BF84}.Debug|Win32.ActiveCfg = Debug|Win32
		{950450AE-616E-453E-BB50-78CDBE50BF84}.Debug|Win32.Build.0 = Debug|Win32
		{950450AE-616E-453E-BB50-78CDBE50BF84}.Release|Win32.ActiveCfg = Release|Win32
		{950450AE-616E-453E-BB50-78CDBE50BF84}.Release|Win32.Build.0 = Release|Win32
		{0DC12601-084C-45FF-8064-5A8754D2DA1B}.Debug|Win32.ActiveCfg = Debug|Win32
		{0DC12601-084C-45FF-8064-5A8754D2DA1B}.Debug|Win32.Build.0 = Debug|Win32
		{0DC12601-084C-45FF-8064-5A8754D2DA1B}.Release|Win32.ActiveCfg = Release|Win32
		{0DC12601-084C-45FF-8064-5A8754D2DA1B}.Release|Win32.Build.0 = Release|Win32
		{94317236-BEBD-4A80-A008-F9D5D1D5A842}.Debug|Win32.ActiveCfg = Debug|Win32
		{94317236-BEBD-4A80-A008-F9D5D1D5A842}.Debug|Win32.Build.0 = Debug|Win32
		{94317236-BEBD-4A80-A008-F9D5D1D5A842}.Release|Win32.ActiveCfg = Release|Win32
		{94317236-BEBD-4A80-A008-F9D5D1D5A842}.Release|Win32.Build.0 = Release|Win32
		{44940738-98ED-45C6-8943-389ACB8E18C4}.Debug|Win32.ActiveCfg = Debug|Win32
		{44940738-98ED-45C6-8943-389ACB8E18C4}.Debug|Win32.Build.0 = Debug|Win32
		{44940738-98ED-45C6-8943-389ACB8E18C4}.Release|Win32.ActiveCfg = Release|Win32
		{44940738-98ED-45C6-8943-389ACB8E18C4}.Release|Win32.Build.0 = Release|Win32
		{12485EC0-7E09-4197-B42F-5ED4DE17EE12}.Debug|Win32.ActiveCfg = Debug|Win32
		{12485EC0-7E09-4197-B42F-5ED4DE17EE12}.Debug|Win32.Build.0 = Debug|Win32
		{12485EC0-7E09-4197-B42F-5ED4DE17EE12}.Release|Win32.ActiveCfg = Release|Win32
		{12485EC0-7E09-4197-B42F-5ED4DE17EE12}.Release|Win32.Build.0 = Release|Win32
		{03987122-B45A-4A5E-9112-029734CF581E}.Debug|Win32.ActiveCfg = Debug|Win32
		{03987122-B45A-4A5E-9112-029734CF581E}.Debug|Win32.Build.0 = Debug|Win32
		{03987122-B45A-4A5E-9112-029734CF581E}.Release|Win32.ActiveCfg = Release|Win32
		{03987122-B45A-4A5E-9112-029734CF581E}.Release|Win32.Build.0 = Release|Win32
		{6E41F13B-B2D1-4FF0-9718-BF0568D6933C}.Debug|Win32.ActiveCfg = Debug|Win32
		{6E41F13B-B2D1-4FF0-9718-BF0568D6933C}.Debug|Win32.Build.0 = Debug|Win32
		{6E41F13B-B2D1-4FF0-9718-BF0568D6933C}.Release|Win32.ActiveCfg = Release|Win32
		{6E41F13B-B2D1-4FF0-9718-BF0568D6933C}.Release|Win32.Build.0 = Release|Win32
	EndGlobalSection
	GlobalSection(SolutionProperties) = preSolution
		HideSolutionNode = FALSE
	EndGlobalSection
EndGlobal
