
Microsoft Visual Studio Solution File, Format Version 9.00
# Visual Studio 2005
Project("{8BC9CEB8-8B4A-11D0-8D11-00A0C91BC942}") = "Msg", "Mirage\MSG.vcproj", "{44940738-98ED-45C6-8943-389ACB8E18C4}"
	ProjectSection(WebsiteProperties) = preProject
		Debug.AspNetCompiler.Debug = "True"
		Release.AspNetCompiler.Debug = "False"
	EndProjectSection
EndProject
Project("{8BC9CEB8-8B4A-11D0-8D11-00A0C91BC942}") = "MsgStereoViewer", "Mirage\Projects\StereoViewer\StereoViewer.vcproj", "{03987122-B45A-4A5E-9112-029734CF581E}"
	ProjectSection(WebsiteProperties) = preProject
		Debug.AspNetCompiler.Debug = "True"
		Release.AspNetCompiler.Debug = "False"
	EndProjectSection
EndProject
Project("{8BC9CEB8-8B4A-11D0-8D11-00A0C91BC942}") = "MsgTest3", "Mirage\Tests\Test3\MsgTest3.vcproj", "{6E41F13B-B2D1-4FF0-9718-BF0568D6933C}"
	ProjectSection(WebsiteProperties) = preProject
		Debug.AspNetCompiler.Debug = "True"
		Release.AspNetCompiler.Debug = "False"
	EndProjectSection
	ProjectSection(ProjectDependencies) = postProject
		{44940738-98ED-45C6-8943-389ACB8E18C4} = {44940738-98ED-45C6-8943-389ACB8E18C4}
	EndProjectSection
EndProject
Project("{8BC9CEB8-8B4A-11D0-8D11-00A0C91BC942}") = "StencilShadowVolume", "Mirage\Tests\StencilShadowVolume\StencilShadowVolume.vcproj", "{0C42F1D5-77F4-4A2B-8EAB-163A4376C933}"
	ProjectSection(WebsiteProperties) = preProject
		Debug.AspNetCompiler.Debug = "True"
		Release.AspNetCompiler.Debug = "False"
	EndProjectSection
	ProjectSection(ProjectDependencies) = postProject
		{44940738-98ED-45C6-8943-389ACB8E18C4} = {44940738-98ED-45C6-8943-389ACB8E18C4}
	EndProjectSection
EndProject
Global
	GlobalSection(SolutionConfigurationPlatforms) = preSolution
		Debug|Win32 = Debug|Win32
		Release|Win32 = Release|Win32
	EndGlobalSection
	GlobalSection(ProjectConfigurationPlatforms) = postSolution
		{44940738-98ED-45C6-8943-389ACB8E18C4}.Debug|Win32.ActiveCfg = Debug|Win32
		{44940738-98ED-45C6-8943-389ACB8E18C4}.Debug|Win32.Build.0 = Debug|Win32
		{44940738-98ED-45C6-8943-389ACB8E18C4}.Release|Win32.ActiveCfg = Release|Win32
		{44940738-98ED-45C6-8943-389ACB8E18C4}.Release|Win32.Build.0 = Release|Win32
		{03987122-B45A-4A5E-9112-029734CF581E}.Debug|Win32.ActiveCfg = Debug|Win32
		{03987122-B45A-4A5E-9112-029734CF581E}.Debug|Win32.Build.0 = Debug|Win32
		{03987122-B45A-4A5E-9112-029734CF581E}.Release|Win32.ActiveCfg = Release|Win32
		{03987122-B45A-4A5E-9112-029734CF581E}.Release|Win32.Build.0 = Release|Win32
		{6E41F13B-B2D1-4FF0-9718-BF0568D6933C}.Debug|Win32.ActiveCfg = Debug|Win32
		{6E41F13B-B2D1-4FF0-9718-BF0568D6933C}.Debug|Win32.Build.0 = Debug|Win32
		{6E41F13B-B2D1-4FF0-9718-BF0568D6933C}.Release|Win32.ActiveCfg = Release|Win32
		{6E41F13B-B2D1-4FF0-9718-BF0568D6933C}.Release|Win32.Build.0 = Release|Win32
		{0C42F1D5-77F4-4A2B-8EAB-163A4376C933}.Debug|Win32.ActiveCfg = Debug|Win32
		{0C42F1D5-77F4-4A2B-8EAB-163A4376C933}.Debug|Win32.Build.0 = Debug|Win32
		{0C42F1D5-77F4-4A2B-8EAB-163A4376C933}.Release|Win32.ActiveCfg = Release|Win32
		{0C42F1D5-77F4-4A2B-8EAB-163A4376C933}.Release|Win32.Build.0 = Release|Win32
	EndGlobalSection
	GlobalSection(SolutionProperties) = preSolution
		HideSolutionNode = FALSE
	EndGlobalSection
EndGlobal
