
Microsoft Visual Studio Solution File, Format Version 9.00
# Visual Studio 2005
Project("{8BC9CEB8-8B4A-11D0-8D11-00A0C91BC942}") = "VrjApp", "VrjApp.vcproj", "{6F776717-DED5-47FF-AFDF-C983AC6CDF05}"
	ProjectSection(ProjectDependencies) = postProject
		{CAA70121-47F6-40C1-BFE8-65D5C64E79BC} = {CAA70121-47F6-40C1-BFE8-65D5C64E79BC}
		{B5844A4F-1FB3-4186-9912-429456EB110F} = {B5844A4F-1FB3-4186-9912-429456EB110F}
		{BB294950-FACA-43DA-A791-8ABD7DFEF2A4} = {BB294950-FACA-43DA-A791-8ABD7DFEF2A4}
		{F1F51180-9543-4C89-9743-2B7905BA30F6} = {F1F51180-9543-4C89-9743-2B7905BA30F6}
		{7EE06BAD-B638-422F-8782-B8FC9082A72C} = {7EE06BAD-B638-422F-8782-B8FC9082A72C}
		{2AD868B9-F10E-4CF0-B7C9-3DB08DF77C87} = {2AD868B9-F10E-4CF0-B7C9-3DB08DF77C87}
	EndProjectSection
EndProject
Project("{8BC9CEB8-8B4A-11D0-8D11-00A0C91BC942}") = "Command", "..\src\Command\Command\Command.vcproj", "{82FAF7D7-4527-4018-829F-F9D436D41DCF}"
EndProject
Project("{8BC9CEB8-8B4A-11D0-8D11-00A0C91BC942}") = "VrjCinema", "..\..\VrjCinema\vs2005\VrjCinema.vcproj", "{BB294950-FACA-43DA-A791-8ABD7DFEF2A4}"
EndProject
Project("{8BC9CEB8-8B4A-11D0-8D11-00A0C91BC942}") = "lib: SimFlow App", "..\..\SimFlow\App\App.vcproj", "{7EE06BAD-B638-422F-8782-B8FC9082A72C}"
	ProjectSection(ProjectDependencies) = postProject
		{B5844A4F-1FB3-4186-9912-429456EB110F} = {B5844A4F-1FB3-4186-9912-429456EB110F}
		{F1F51180-9543-4C89-9743-2B7905BA30F6} = {F1F51180-9543-4C89-9743-2B7905BA30F6}
		{A99AACCF-4101-4005-A943-A453F5784B02} = {A99AACCF-4101-4005-A943-A453F5784B02}
		{CAA70121-47F6-40C1-BFE8-65D5C64E79BC} = {CAA70121-47F6-40C1-BFE8-65D5C64E79BC}
	EndProjectSection
EndProject
Project("{8BC9CEB8-8B4A-11D0-8D11-00A0C91BC942}") = "lib: SimFlow Layer", "..\..\SimFlow\Layer\Layer.vcproj", "{F1F51180-9543-4C89-9743-2B7905BA30F6}"
	ProjectSection(ProjectDependencies) = postProject
		{B5844A4F-1FB3-4186-9912-429456EB110F} = {B5844A4F-1FB3-4186-9912-429456EB110F}
	EndProjectSection
EndProject
Project("{8BC9CEB8-8B4A-11D0-8D11-00A0C91BC942}") = "lib: SimFlow Parser", "..\..\SimFlow\Parser\Parser.vcproj", "{CAA70121-47F6-40C1-BFE8-65D5C64E79BC}"
EndProject
Project("{8BC9CEB8-8B4A-11D0-8D11-00A0C91BC942}") = "lib: SimFlow DataObject", "..\..\SimFlow\DataObject\DataObject.vcproj", "{B5844A4F-1FB3-4186-9912-429456EB110F}"
EndProject
Project("{8BC9CEB8-8B4A-11D0-8D11-00A0C91BC942}") = "lib: SimFlow Scene", "..\..\SimFlow\Scene\Scene.vcproj", "{2AD868B9-F10E-4CF0-B7C9-3DB08DF77C87}"
	ProjectSection(ProjectDependencies) = postProject
		{F1F51180-9543-4C89-9743-2B7905BA30F6} = {F1F51180-9543-4C89-9743-2B7905BA30F6}
	EndProjectSection
EndProject
Project("{8BC9CEB8-8B4A-11D0-8D11-00A0C91BC942}") = "lib: SimFlow SimFlowUtil", "..\..\SimFlow\SimFlowUtil\SimFlowUtil.vcproj", "{7F65D228-A9AA-4DAE-AD5D-B6A6F0BAE6DA}"
EndProject
Project("{8BC9CEB8-8B4A-11D0-8D11-00A0C91BC942}") = "lib: SimFlow VTKUtil", "..\..\SimFlow\VTKUtil\VTKUtil.vcproj", "{A99AACCF-4101-4005-A943-A453F5784B02}"
EndProject
Global
	GlobalSection(SolutionConfigurationPlatforms) = preSolution
		Debug|Win32 = Debug|Win32
		Minerva|Win32 = Minerva|Win32
		Release|Win32 = Release|Win32
	EndGlobalSection
	GlobalSection(ProjectConfigurationPlatforms) = postSolution
		{6F776717-DED5-47FF-AFDF-C983AC6CDF05}.Debug|Win32.ActiveCfg = Debug|Win32
		{6F776717-DED5-47FF-AFDF-C983AC6CDF05}.Debug|Win32.Build.0 = Debug|Win32
		{6F776717-DED5-47FF-AFDF-C983AC6CDF05}.Minerva|Win32.ActiveCfg = Release|Win32
		{6F776717-DED5-47FF-AFDF-C983AC6CDF05}.Minerva|Win32.Build.0 = Release|Win32
		{6F776717-DED5-47FF-AFDF-C983AC6CDF05}.Release|Win32.ActiveCfg = Release|Win32
		{6F776717-DED5-47FF-AFDF-C983AC6CDF05}.Release|Win32.Build.0 = Release|Win32
		{82FAF7D7-4527-4018-829F-F9D436D41DCF}.Debug|Win32.ActiveCfg = Debug|Win32
		{82FAF7D7-4527-4018-829F-F9D436D41DCF}.Debug|Win32.Build.0 = Debug|Win32
		{82FAF7D7-4527-4018-829F-F9D436D41DCF}.Minerva|Win32.ActiveCfg = Release|Win32
		{82FAF7D7-4527-4018-829F-F9D436D41DCF}.Minerva|Win32.Build.0 = Release|Win32
		{82FAF7D7-4527-4018-829F-F9D436D41DCF}.Release|Win32.ActiveCfg = Release|Win32
		{82FAF7D7-4527-4018-829F-F9D436D41DCF}.Release|Win32.Build.0 = Release|Win32
		{BB294950-FACA-43DA-A791-8ABD7DFEF2A4}.Debug|Win32.ActiveCfg = Debug|Win32
		{BB294950-FACA-43DA-A791-8ABD7DFEF2A4}.Debug|Win32.Build.0 = Debug|Win32
		{BB294950-FACA-43DA-A791-8ABD7DFEF2A4}.Minerva|Win32.ActiveCfg = Release|Win32
		{BB294950-FACA-43DA-A791-8ABD7DFEF2A4}.Minerva|Win32.Build.0 = Release|Win32
		{BB294950-FACA-43DA-A791-8ABD7DFEF2A4}.Release|Win32.ActiveCfg = Release|Win32
		{BB294950-FACA-43DA-A791-8ABD7DFEF2A4}.Release|Win32.Build.0 = Release|Win32
		{7EE06BAD-B638-422F-8782-B8FC9082A72C}.Debug|Win32.ActiveCfg = Debug|Win32
		{7EE06BAD-B638-422F-8782-B8FC9082A72C}.Debug|Win32.Build.0 = Debug|Win32
		{7EE06BAD-B638-422F-8782-B8FC9082A72C}.Minerva|Win32.ActiveCfg = Minerva|Win32
		{7EE06BAD-B638-422F-8782-B8FC9082A72C}.Minerva|Win32.Build.0 = Minerva|Win32
		{7EE06BAD-B638-422F-8782-B8FC9082A72C}.Release|Win32.ActiveCfg = Release|Win32
		{7EE06BAD-B638-422F-8782-B8FC9082A72C}.Release|Win32.Build.0 = Release|Win32
		{F1F51180-9543-4C89-9743-2B7905BA30F6}.Debug|Win32.ActiveCfg = Debug|Win32
		{F1F51180-9543-4C89-9743-2B7905BA30F6}.Debug|Win32.Build.0 = Debug|Win32
		{F1F51180-9543-4C89-9743-2B7905BA30F6}.Minerva|Win32.ActiveCfg = Minerva|Win32
		{F1F51180-9543-4C89-9743-2B7905BA30F6}.Minerva|Win32.Build.0 = Minerva|Win32
		{F1F51180-9543-4C89-9743-2B7905BA30F6}.Release|Win32.ActiveCfg = Release|Win32
		{F1F51180-9543-4C89-9743-2B7905BA30F6}.Release|Win32.Build.0 = Release|Win32
		{CAA70121-47F6-40C1-BFE8-65D5C64E79BC}.Debug|Win32.ActiveCfg = Debug|Win32
		{CAA70121-47F6-40C1-BFE8-65D5C64E79BC}.Debug|Win32.Build.0 = Debug|Win32
		{CAA70121-47F6-40C1-BFE8-65D5C64E79BC}.Minerva|Win32.ActiveCfg = Minerva|Win32
		{CAA70121-47F6-40C1-BFE8-65D5C64E79BC}.Minerva|Win32.Build.0 = Minerva|Win32
		{CAA70121-47F6-40C1-BFE8-65D5C64E79BC}.Release|Win32.ActiveCfg = Release|Win32
		{CAA70121-47F6-40C1-BFE8-65D5C64E79BC}.Release|Win32.Build.0 = Release|Win32
		{B5844A4F-1FB3-4186-9912-429456EB110F}.Debug|Win32.ActiveCfg = Debug|Win32
		{B5844A4F-1FB3-4186-9912-429456EB110F}.Debug|Win32.Build.0 = Debug|Win32
		{B5844A4F-1FB3-4186-9912-429456EB110F}.Minerva|Win32.ActiveCfg = Minerva|Win32
		{B5844A4F-1FB3-4186-9912-429456EB110F}.Minerva|Win32.Build.0 = Minerva|Win32
		{B5844A4F-1FB3-4186-9912-429456EB110F}.Release|Win32.ActiveCfg = Release|Win32
		{B5844A4F-1FB3-4186-9912-429456EB110F}.Release|Win32.Build.0 = Release|Win32
		{2AD868B9-F10E-4CF0-B7C9-3DB08DF77C87}.Debug|Win32.ActiveCfg = Debug|Win32
		{2AD868B9-F10E-4CF0-B7C9-3DB08DF77C87}.Debug|Win32.Build.0 = Debug|Win32
		{2AD868B9-F10E-4CF0-B7C9-3DB08DF77C87}.Minerva|Win32.ActiveCfg = Minerva|Win32
		{2AD868B9-F10E-4CF0-B7C9-3DB08DF77C87}.Minerva|Win32.Build.0 = Minerva|Win32
		{2AD868B9-F10E-4CF0-B7C9-3DB08DF77C87}.Release|Win32.ActiveCfg = Release|Win32
		{2AD868B9-F10E-4CF0-B7C9-3DB08DF77C87}.Release|Win32.Build.0 = Release|Win32
		{7F65D228-A9AA-4DAE-AD5D-B6A6F0BAE6DA}.Debug|Win32.ActiveCfg = Debug|Win32
		{7F65D228-A9AA-4DAE-AD5D-B6A6F0BAE6DA}.Debug|Win32.Build.0 = Debug|Win32
		{7F65D228-A9AA-4DAE-AD5D-B6A6F0BAE6DA}.Minerva|Win32.ActiveCfg = Release|Win32
		{7F65D228-A9AA-4DAE-AD5D-B6A6F0BAE6DA}.Minerva|Win32.Build.0 = Release|Win32
		{7F65D228-A9AA-4DAE-AD5D-B6A6F0BAE6DA}.Release|Win32.ActiveCfg = Release|Win32
		{7F65D228-A9AA-4DAE-AD5D-B6A6F0BAE6DA}.Release|Win32.Build.0 = Release|Win32
		{A99AACCF-4101-4005-A943-A453F5784B02}.Debug|Win32.ActiveCfg = Debug|Win32
		{A99AACCF-4101-4005-A943-A453F5784B02}.Debug|Win32.Build.0 = Debug|Win32
		{A99AACCF-4101-4005-A943-A453F5784B02}.Minerva|Win32.ActiveCfg = Minerva|Win32
		{A99AACCF-4101-4005-A943-A453F5784B02}.Minerva|Win32.Build.0 = Minerva|Win32
		{A99AACCF-4101-4005-A943-A453F5784B02}.Release|Win32.ActiveCfg = Release|Win32
		{A99AACCF-4101-4005-A943-A453F5784B02}.Release|Win32.Build.0 = Release|Win32
	EndGlobalSection
	GlobalSection(SolutionProperties) = preSolution
		HideSolutionNode = FALSE
	EndGlobalSection
EndGlobal
