Microsoft Visual Studio Solution File, Format Version 9.00
# Visual Studio 2005
Project("{8BC9CEB8-8B4A-11D0-8D11-00A0C91BC942}") = "example: OsgDashboardApp", "modules\OsgTools\examples\OsgDashboard\OsgDashboardApp.vcproj", "{040D1AFE-AE2E-4511-A150-8AC05BE5B012}"
	ProjectSection(ProjectDependencies) = postProject
		{2519737E-8FD7-49E1-A617-B8331D233496} = {2519737E-8FD7-49E1-A617-B8331D233496}
		{15B0BD4F-098F-4AD9-8E69-B403F0BE9050} = {15B0BD4F-098F-4AD9-8E69-B403F0BE9050}
	EndProjectSection
EndProject
Project("{8BC9CEB8-8B4A-11D0-8D11-00A0C91BC942}") = "example: Viewer", "modules\Veda\examples\Viewer\Viewer.vcproj", "{A374F89E-5358-4A52-A58B-859CACE83E3F}"
	ProjectSection(ProjectDependencies) = postProject
		{2519737E-8FD7-49E1-A617-B8331D233496} = {2519737E-8FD7-49E1-A617-B8331D233496}
		{BB294950-FACA-43DA-A791-8ABD7DFEF2A4} = {BB294950-FACA-43DA-A791-8ABD7DFEF2A4}
		{15B0BD4F-098F-4AD9-8E69-B403F0BE9050} = {15B0BD4F-098F-4AD9-8E69-B403F0BE9050}
	EndProjectSection
EndProject
Project("{8BC9CEB8-8B4A-11D0-8D11-00A0C91BC942}") = "lib: Veda", "modules\Veda\Veda.vcproj", "{BB294950-FACA-43DA-A791-8ABD7DFEF2A4}"
	ProjectSection(ProjectDependencies) = postProject
		{15B0BD4F-098F-4AD9-8E69-B403F0BE9050} = {15B0BD4F-098F-4AD9-8E69-B403F0BE9050}
		{2519737E-8FD7-49E1-A617-B8331D233496} = {2519737E-8FD7-49E1-A617-B8331D233496}
	EndProjectSection
EndProject
Project("{8BC9CEB8-8B4A-11D0-8D11-00A0C91BC942}") = "lib: OsgTools", "modules\OsgTools\OsgTools.vcproj", "{15B0BD4F-098F-4AD9-8E69-B403F0BE9050}"
	ProjectSection(ProjectDependencies) = postProject
		{2519737E-8FD7-49E1-A617-B8331D233496} = {2519737E-8FD7-49E1-A617-B8331D233496}
	EndProjectSection
EndProject
Project("{8BC9CEB8-8B4A-11D0-8D11-00A0C91BC942}") = "example: OsgShadersApp", "modules\OsgTools\examples\OsgShaders\OsgShadersApp.vcproj", "{4E07E9F5-8BF7-4C91-ADBE-324AC0DDF5F4}"
	ProjectSection(ProjectDependencies) = postProject
		{2519737E-8FD7-49E1-A617-B8331D233496} = {2519737E-8FD7-49E1-A617-B8331D233496}
		{15B0BD4F-098F-4AD9-8E69-B403F0BE9050} = {15B0BD4F-098F-4AD9-8E69-B403F0BE9050}
	EndProjectSection
EndProject
Project("{8BC9CEB8-8B4A-11D0-8D11-00A0C91BC942}") = "lib: Neiv", "modules\Neiv\Neiv.vcproj", "{2519737E-8FD7-49E1-A617-B8331D233496}"
EndProject
Project("{8BC9CEB8-8B4A-11D0-8D11-00A0C91BC942}") = "lib: Prithvi", "modules\Prithvi\Prithvi.vcproj", "{94317236-BEBD-4A80-A008-F9D5D1D5A842}"
	ProjectSection(ProjectDependencies) = postProject
		{2519737E-8FD7-49E1-A617-B8331D233496} = {2519737E-8FD7-49E1-A617-B8331D233496}
	EndProjectSection
EndProject
Project("{8BC9CEB8-8B4A-11D0-8D11-00A0C91BC942}") = "test: PrithviTest1", "modules\Prithvi\tests\Test1\Test1.vcproj", "{C0F54593-B165-4E6E-B23C-BA1E209D2AFC}"
	ProjectSection(ProjectDependencies) = postProject
		{2519737E-8FD7-49E1-A617-B8331D233496} = {2519737E-8FD7-49E1-A617-B8331D233496}
		{94317236-BEBD-4A80-A008-F9D5D1D5A842} = {94317236-BEBD-4A80-A008-F9D5D1D5A842}
	EndProjectSection
EndProject
Project("{8BC9CEB8-8B4A-11D0-8D11-00A0C91BC942}") = "example: VirtualPlanet", "modules\Prithvi\examples\VirtualPlanet\VirtualPlanet.vcproj", "{5B5C1EA2-BC5A-42ED-BEF2-6015C6D9A4D5}"
	ProjectSection(ProjectDependencies) = postProject
		{2519737E-8FD7-49E1-A617-B8331D233496} = {2519737E-8FD7-49E1-A617-B8331D233496}
		{BB294950-FACA-43DA-A791-8ABD7DFEF2A4} = {BB294950-FACA-43DA-A791-8ABD7DFEF2A4}
		{94317236-BEBD-4A80-A008-F9D5D1D5A842} = {94317236-BEBD-4A80-A008-F9D5D1D5A842}
	EndProjectSection
EndProject
Project("{8BC9CEB8-8B4A-11D0-8D11-00A0C91BC942}") = "example: OsgBumpMapApp", "modules\OsgTools\examples\OsgBumpMap\OsgBumpMapApp.vcproj", "{5FC015C8-DBFD-4434-A7F6-B66B238FC9C1}"
	ProjectSection(ProjectDependencies) = postProject
		{2519737E-8FD7-49E1-A617-B8331D233496} = {2519737E-8FD7-49E1-A617-B8331D233496}
		{15B0BD4F-098F-4AD9-8E69-B403F0BE9050} = {15B0BD4F-098F-4AD9-8E69-B403F0BE9050}
	EndProjectSection
EndProject
Project("{8BC9CEB8-8B4A-11D0-8D11-00A0C91BC942}") = "CellSignalViewer", "..\Projects\CellSignalViewer\CellSignalViewer.vcproj", "{D4DD5AB2-73B9-4630-9390-972818786165}"
	ProjectSection(ProjectDependencies) = postProject
		{2519737E-8FD7-49E1-A617-B8331D233496} = {2519737E-8FD7-49E1-A617-B8331D233496}
		{BB294950-FACA-43DA-A791-8ABD7DFEF2A4} = {BB294950-FACA-43DA-A791-8ABD7DFEF2A4}
		{15B0BD4F-098F-4AD9-8E69-B403F0BE9050} = {15B0BD4F-098F-4AD9-8E69-B403F0BE9050}
	EndProjectSection
EndProject
Global
	GlobalSection(SolutionConfigurationPlatforms) = preSolution
		Debug|Win32 = Debug|Win32
		Release|Win32 = Release|Win32
	EndGlobalSection
	GlobalSection(ProjectConfigurationPlatforms) = postSolution
		{040D1AFE-AE2E-4511-A150-8AC05BE5B012}.Debug|Win32.ActiveCfg = Debug|Win32
		{040D1AFE-AE2E-4511-A150-8AC05BE5B012}.Debug|Win32.Build.0 = Debug|Win32
		{040D1AFE-AE2E-4511-A150-8AC05BE5B012}.Release|Win32.ActiveCfg = Release|Win32
		{040D1AFE-AE2E-4511-A150-8AC05BE5B012}.Release|Win32.Build.0 = Release|Win32
		{A374F89E-5358-4A52-A58B-859CACE83E3F}.Debug|Win32.ActiveCfg = Debug|Win32
		{A374F89E-5358-4A52-A58B-859CACE83E3F}.Debug|Win32.Build.0 = Debug|Win32
		{A374F89E-5358-4A52-A58B-859CACE83E3F}.Release|Win32.ActiveCfg = Release|Win32
		{A374F89E-5358-4A52-A58B-859CACE83E3F}.Release|Win32.Build.0 = Release|Win32
		{BB294950-FACA-43DA-A791-8ABD7DFEF2A4}.Debug|Win32.ActiveCfg = Debug|Win32
		{BB294950-FACA-43DA-A791-8ABD7DFEF2A4}.Debug|Win32.Build.0 = Debug|Win32
		{BB294950-FACA-43DA-A791-8ABD7DFEF2A4}.Release|Win32.ActiveCfg = Release|Win32
		{BB294950-FACA-43DA-A791-8ABD7DFEF2A4}.Release|Win32.Build.0 = Release|Win32
		{15B0BD4F-098F-4AD9-8E69-B403F0BE9050}.Debug|Win32.ActiveCfg = Debug|Win32
		{15B0BD4F-098F-4AD9-8E69-B403F0BE9050}.Debug|Win32.Build.0 = Debug|Win32
		{15B0BD4F-098F-4AD9-8E69-B403F0BE9050}.Release|Win32.ActiveCfg = Release|Win32
		{15B0BD4F-098F-4AD9-8E69-B403F0BE9050}.Release|Win32.Build.0 = Release|Win32
		{4E07E9F5-8BF7-4C91-ADBE-324AC0DDF5F4}.Debug|Win32.ActiveCfg = Debug|Win32
		{4E07E9F5-8BF7-4C91-ADBE-324AC0DDF5F4}.Debug|Win32.Build.0 = Debug|Win32
		{4E07E9F5-8BF7-4C91-ADBE-324AC0DDF5F4}.Release|Win32.ActiveCfg = Release|Win32
		{4E07E9F5-8BF7-4C91-ADBE-324AC0DDF5F4}.Release|Win32.Build.0 = Release|Win32
		{2519737E-8FD7-49E1-A617-B8331D233496}.Debug|Win32.ActiveCfg = Debug|Win32
		{2519737E-8FD7-49E1-A617-B8331D233496}.Debug|Win32.Build.0 = Debug|Win32
		{2519737E-8FD7-49E1-A617-B8331D233496}.Release|Win32.ActiveCfg = Release|Win32
		{2519737E-8FD7-49E1-A617-B8331D233496}.Release|Win32.Build.0 = Release|Win32
		{94317236-BEBD-4A80-A008-F9D5D1D5A842}.Debug|Win32.ActiveCfg = Debug|Win32
		{94317236-BEBD-4A80-A008-F9D5D1D5A842}.Debug|Win32.Build.0 = Debug|Win32
		{94317236-BEBD-4A80-A008-F9D5D1D5A842}.Release|Win32.ActiveCfg = Release|Win32
		{94317236-BEBD-4A80-A008-F9D5D1D5A842}.Release|Win32.Build.0 = Release|Win32
		{C0F54593-B165-4E6E-B23C-BA1E209D2AFC}.Debug|Win32.ActiveCfg = Debug|Win32
		{C0F54593-B165-4E6E-B23C-BA1E209D2AFC}.Debug|Win32.Build.0 = Debug|Win32
		{C0F54593-B165-4E6E-B23C-BA1E209D2AFC}.Release|Win32.ActiveCfg = Release|Win32
		{C0F54593-B165-4E6E-B23C-BA1E209D2AFC}.Release|Win32.Build.0 = Release|Win32
		{5B5C1EA2-BC5A-42ED-BEF2-6015C6D9A4D5}.Debug|Win32.ActiveCfg = Debug|Win32
		{5B5C1EA2-BC5A-42ED-BEF2-6015C6D9A4D5}.Debug|Win32.Build.0 = Debug|Win32
		{5B5C1EA2-BC5A-42ED-BEF2-6015C6D9A4D5}.Release|Win32.ActiveCfg = Release|Win32
		{5B5C1EA2-BC5A-42ED-BEF2-6015C6D9A4D5}.Release|Win32.Build.0 = Release|Win32
		{5FC015C8-DBFD-4434-A7F6-B66B238FC9C1}.Debug|Win32.ActiveCfg = Debug|Win32
		{5FC015C8-DBFD-4434-A7F6-B66B238FC9C1}.Debug|Win32.Build.0 = Debug|Win32
		{5FC015C8-DBFD-4434-A7F6-B66B238FC9C1}.Release|Win32.ActiveCfg = Release|Win32
		{5FC015C8-DBFD-4434-A7F6-B66B238FC9C1}.Release|Win32.Build.0 = Release|Win32
		{D4DD5AB2-73B9-4630-9390-972818786165}.Debug|Win32.ActiveCfg = Debug|Win32
		{D4DD5AB2-73B9-4630-9390-972818786165}.Debug|Win32.Build.0 = Debug|Win32
		{D4DD5AB2-73B9-4630-9390-972818786165}.Release|Win32.ActiveCfg = Release|Win32
		{D4DD5AB2-73B9-4630-9390-972818786165}.Release|Win32.Build.0 = Release|Win32
	EndGlobalSection
	GlobalSection(SolutionProperties) = preSolution
		HideSolutionNode = FALSE
	EndGlobalSection
EndGlobal
