
Microsoft Visual Studio Solution File, Format Version 9.00
# Visual Studio 2005
Project("{8BC9CEB8-8B4A-11D0-8D11-00A0C91BC942}") = "OgeBase", "Modules\OgeBase\OgeBase.vcproj", "{950450AE-616E-453E-BB50-78CDBE50BF84}"
	ProjectSection(WebsiteProperties) = preProject
		Debug.AspNetCompiler.Debug = "True"
		Release.AspNetCompiler.Debug = "False"
	EndProjectSection
EndProject
Project("{8BC9CEB8-8B4A-11D0-8D11-00A0C91BC942}") = "OgeOsg", "Modules\OgeOsg\OgeOsg.vcproj", "{0DC12601-084C-45FF-8064-5A8754D2DA1B}"
	ProjectSection(WebsiteProperties) = preProject
		Debug.AspNetCompiler.Debug = "True"
		Release.AspNetCompiler.Debug = "False"
	EndProjectSection
	ProjectSection(ProjectDependencies) = postProject
		{950450AE-616E-453E-BB50-78CDBE50BF84} = {950450AE-616E-453E-BB50-78CDBE50BF84}
	EndProjectSection
EndProject
Project("{8BC9CEB8-8B4A-11D0-8D11-00A0C91BC942}") = "OgePrithvi", "Modules\OgePrithvi\OgePrithvi.vcproj", "{94317236-BEBD-4A80-A008-F9D5D1D5A842}"
	ProjectSection(WebsiteProperties) = preProject
		Debug.AspNetCompiler.Debug = "True"
		Release.AspNetCompiler.Debug = "False"
	EndProjectSection
EndProject
Project("{8BC9CEB8-8B4A-11D0-8D11-00A0C91BC942}") = "OgeVrj", "Modules\OgeVrj\OgeVrj.vcproj", "{2152CB08-EA4B-46EF-9626-6C9B40320FAB}"
	ProjectSection(WebsiteProperties) = preProject
		Debug.AspNetCompiler.Debug = "True"
		Release.AspNetCompiler.Debug = "False"
	EndProjectSection
EndProject
Global
	GlobalSection(SolutionConfigurationPlatforms) = preSolution
		Debug|Win32 = Debug|Win32
		Release|Win32 = Release|Win32
	EndGlobalSection
	GlobalSection(ProjectConfigurationPlatforms) = postSolution
		{950450AE-616E-453E-BB50-78CDBE50BF84}.Debug|Win32.ActiveCfg = Debug|Win32
		{950450AE-616E-453E-BB50-78CDBE50BF84}.Debug|Win32.Build.0 = Debug|Win32
		{950450AE-616E-453E-BB50-78CDBE50BF84}.Release|Win32.ActiveCfg = Release|Win32
		{950450AE-616E-453E-BB50-78CDBE50BF84}.Release|Win32.Build.0 = Release|Win32
		{0DC12601-084C-45FF-8064-5A8754D2DA1B}.Debug|Win32.ActiveCfg = Debug|Win32
		{0DC12601-084C-45FF-8064-5A8754D2DA1B}.Debug|Win32.Build.0 = Debug|Win32
		{0DC12601-084C-45FF-8064-5A8754D2DA1B}.Release|Win32.ActiveCfg = Release|Win32
		{0DC12601-084C-45FF-8064-5A8754D2DA1B}.Release|Win32.Build.0 = Release|Win32
		{94317236-BEBD-4A80-A008-F9D5D1D5A842}.Debug|Win32.ActiveCfg = Debug|Win32
		{94317236-BEBD-4A80-A008-F9D5D1D5A842}.Debug|Win32.Build.0 = Debug|Win32
		{94317236-BEBD-4A80-A008-F9D5D1D5A842}.Release|Win32.ActiveCfg = Release|Win32
		{94317236-BEBD-4A80-A008-F9D5D1D5A842}.Release|Win32.Build.0 = Release|Win32
		{2152CB08-EA4B-46EF-9626-6C9B40320FAB}.Debug|Win32.ActiveCfg = Debug|Win32
		{2152CB08-EA4B-46EF-9626-6C9B40320FAB}.Debug|Win32.Build.0 = Debug|Win32
		{2152CB08-EA4B-46EF-9626-6C9B40320FAB}.Release|Win32.ActiveCfg = Release|Win32
		{2152CB08-EA4B-46EF-9626-6C9B40320FAB}.Release|Win32.Build.0 = Release|Win32
	EndGlobalSection
	GlobalSection(SolutionProperties) = preSolution
		HideSolutionNode = FALSE
	EndGlobalSection
EndGlobal
